<Solution>
  <Folder Name="/04_CSharpEssentials_Albert/">
    <Project Path="../CSharpEssentials_Albert/CSharpEssentials_Albert.csproj" Id="b0fbeec5-2fa7-4a48-b59d-19849a5e9fbf" />
    <Project Path="../MoneyTesting/MoneyTesting.csproj" Id="5ab8be1a-e425-476f-aa82-95673cc2a023" />
    <Project Path="CSharpEssentials.csproj" />
  </Folder>
  <Folder Name="/05_DomainLayer_Albert/" />
  <Folder Name="/05_DomainLayer_Albert/00-Kernel/">
    <Project Path="../Kernel.Domain/Kernel.Domain.csproj" Id="a60add13-d94c-490b-80e4-af8b84f1fa86" />
  </Folder>
  <Folder Name="/05_DomainLayer_Albert/01-VipManagement/">
    <Project Path="../VipManagement.API/VipManagement.API.csproj" Id="43d6b2ba-6174-4f7f-9f4c-e3e36804b4be" />
    <Project Path="../VipManagement.Application/VipManagement.Application.csproj" Id="c24f118a-3052-4f4a-a631-77d5d72c929a" />
    <Project Path="../VipManagement.Domain/VipManagement.Domain.csproj" Id="dccc9a15-54e7-43b8-a3b7-021c06d9fd06" />
    <Project Path="../VipManagement.Persistence/VipManagement.Persistence.csproj" Id="477c4aac-782d-4f81-8769-b0f0e4b0501b" />
  </Folder>
  <Folder Name="/05_DomainLayer_Albert/02-Reservation/">
    <Project Path="../Reservation.API/Reservation.API.csproj" Id="75c9da11-2cc4-40f2-81b8-bd11f8731356" />
    <Project Path="../Reservation.Application/Reservation.Application.csproj" Id="72dadb10-921e-4d86-adc9-a8b825a766dd" />
    <Project Path="../Reservation.Domain/Reservation.Domain.csproj" Id="93ff2a3a-e291-43c3-bc7b-03c1a9eebdf4" />
    <Project Path="../Reservation.Persistence/Reservation.Persistence.csproj" Id="583def32-a50d-491b-8260-b037e1c6ae28" />
  </Folder>
  <Folder Name="/05_DomainLayer_Albert/10-History/">
    <Project Path="../History.API/History.API.csproj" Id="bfe8046a-7574-4e57-994b-81fb6bfc61bc" />
    <Project Path="../History.Application/History.Application.csproj" Id="2d59f3e4-f89a-49f5-baab-29ffd5525f94" />
    <Project Path="../History.Domain/History.Domain.csproj" Id="385d8fe7-0869-4da2-a965-3b4d07efe922" />
    <Project Path="../History.Persistance/History.Persistence.csproj" Id="0d444ed2-172f-4cb9-9003-e395ff8a9578" />
  </Folder>
  <Folder Name="/05_DomainLayer_Albert/Testing/">
    <Project Path="../Kernel.Domain.Tests/Kernel.Domain.Tests.csproj" Id="7e91a91d-b75e-4c89-9fa5-fa26624e52da" />
  </Folder>
  <Folder Name="/05_DomainLayer_Albert/XX-Databases/" />
  <Folder Name="/05_DomainLayer_Albert/XX-Databases/02-Reservation/">
    <Project Path="../ReservationDB/ReservationDB.sqlproj" Id="c26cc622-14c9-481b-a86c-235b9741b1d0">
      <Build />
      <Deploy />
    </Project>
  </Folder>
</Solution>
